// !$*UTF8*$!
{
	archiveVersion = 1;
	classes = {
	};
	objectVersion = 46;
	objects = {

/* Begin PBXBuildFile section */
		607FACEC1AFB9204008FA782 /* Tests.swift in Sources */ = {isa = PBXBuildFile; fileRef = 607FACEB1AFB9204008FA782 /* Tests.swift */; };
		675D62F61DA5D379004F00E9 /* AppDelegate.swift in Sources */ = {isa = PBXBuildFile; fileRef = 675D62F51DA5D379004F00E9 /* AppDelegate.swift */; };
		675D62F81DA5D379004F00E9 /* ViewController.swift in Sources */ = {isa = PBXBuildFile; fileRef = 675D62F71DA5D379004F00E9 /* ViewController.swift */; };
		675D62FB1DA5D379004F00E9 /* Main.storyboard in Resources */ = {isa = PBXBuildFile; fileRef = 675D62F91DA5D379004F00E9 /* Main.storyboard */; };
		675D62FD1DA5D379004F00E9 /* Assets.xcassets in Resources */ = {isa = PBXBuildFile; fileRef = 675D62FC1DA5D379004F00E9 /* Assets.xcassets */; };
		675D63001DA5D379004F00E9 /* LaunchScreen.storyboard in Resources */ = {isa = PBXBuildFile; fileRef = 675D62FE1DA5D379004F00E9 /* LaunchScreen.storyboard */; };
		9CF2BD5C324646980C6B034D /* Pods_SCInterface_Example_App.framework in Frameworks */ = {isa = PBXBuildFile; fileRef = 43366E0E70F43FB12EF1301F /* Pods_SCInterface_Example_App.framework */; };
		CFF7B3D690FAFAD09EEAF152 /* Pods_SCInterface_Tests.framework in Frameworks */ = {isa = PBXBuildFile; fileRef = FC5B06A3985F504F512C321A /* Pods_SCInterface_Tests.framework */; };
/* End PBXBuildFile section */

/* Begin PBXFileReference section */
		43366E0E70F43FB12EF1301F /* Pods_SCInterface_Example_App.framework */ = {isa = PBXFileReference; explicitFileType = wrapper.framework; includeInIndex = 0; path = Pods_SCInterface_Example_App.framework; sourceTree = BUILT_PRODUCTS_DIR; };
		4B75D66164F2242B31572E0E /* Pods-SCInterface-Example-App.debug.xcconfig */ = {isa = PBXFileReference; includeInIndex = 1; lastKnownFileType = text.xcconfig; name = "Pods-SCInterface-Example-App.debug.xcconfig"; path = "Pods/Target Support Files/Pods-SCInterface-Example-App/Pods-SCInterface-Example-App.debug.xcconfig"; sourceTree = "<group>"; };
		4F2FB8F97D244586D3DFB1E6 /* Pods-SCInterface-Example-App.release.xcconfig */ = {isa = PBXFileReference; includeInIndex = 1; lastKnownFileType = text.xcconfig; name = "Pods-SCInterface-Example-App.release.xcconfig"; path = "Pods/Target Support Files/Pods-SCInterface-Example-App/Pods-SCInterface-Example-App.release.xcconfig"; sourceTree = "<group>"; };
		607FACE51AFB9204008FA782 /* SCInterface_Tests.xctest */ = {isa = PBXFileReference; explicitFileType = wrapper.cfbundle; includeInIndex = 0; path = SCInterface_Tests.xctest; sourceTree = BUILT_PRODUCTS_DIR; };
		607FACEA1AFB9204008FA782 /* Info.plist */ = {isa = PBXFileReference; lastKnownFileType = text.plist.xml; path = Info.plist; sourceTree = "<group>"; };
		607FACEB1AFB9204008FA782 /* Tests.swift */ = {isa = PBXFileReference; lastKnownFileType = sourcecode.swift; path = Tests.swift; sourceTree = "<group>"; };
		675D62F31DA5D379004F00E9 /* SCInterface-Example-App.app */ = {isa = PBXFileReference; explicitFileType = wrapper.application; includeInIndex = 0; path = "SCInterface-Example-App.app"; sourceTree = BUILT_PRODUCTS_DIR; };
		675D62F51DA5D379004F00E9 /* AppDelegate.swift */ = {isa = PBXFileReference; lastKnownFileType = sourcecode.swift; path = AppDelegate.swift; sourceTree = "<group>"; };
		675D62F71DA5D379004F00E9 /* ViewController.swift */ = {isa = PBXFileReference; lastKnownFileType = sourcecode.swift; path = ViewController.swift; sourceTree = "<group>"; };
		675D62FA1DA5D379004F00E9 /* Base */ = {isa = PBXFileReference; lastKnownFileType = file.storyboard; name = Base; path = Base.lproj/Main.storyboard; sourceTree = "<group>"; };
		675D62FC1DA5D379004F00E9 /* Assets.xcassets */ = {isa = PBXFileReference; lastKnownFileType = folder.assetcatalog; path = Assets.xcassets; sourceTree = "<group>"; };
		675D62FF1DA5D379004F00E9 /* Base */ = {isa = PBXFileReference; lastKnownFileType = file.storyboard; name = Base; path = Base.lproj/LaunchScreen.storyboard; sourceTree = "<group>"; };
		675D63011DA5D379004F00E9 /* Info.plist */ = {isa = PBXFileReference; lastKnownFileType = text.plist.xml; path = Info.plist; sourceTree = "<group>"; };
		79774419EDCBEB9DCE2E00DD /* Pods-SCInterface_Tests.debug.xcconfig */ = {isa = PBXFileReference; includeInIndex = 1; lastKnownFileType = text.xcconfig; name = "Pods-SCInterface_Tests.debug.xcconfig"; path = "Pods/Target Support Files/Pods-SCInterface_Tests/Pods-SCInterface_Tests.debug.xcconfig"; sourceTree = "<group>"; };
		D6FF743D7906E526E42BEC20 /* LICENSE */ = {isa = PBXFileReference; includeInIndex = 1; lastKnownFileType = text; name = LICENSE; path = ../LICENSE; sourceTree = "<group>"; };
		E0A5A4A57A3CA4849E732B89 /* SCInterface.podspec */ = {isa = PBXFileReference; includeInIndex = 1; lastKnownFileType = text; name = SCInterface.podspec; path = ../SCInterface.podspec; sourceTree = "<group>"; };
		F2B64ECFAC2636DBC6EC8073 /* README.md */ = {isa = PBXFileReference; includeInIndex = 1; lastKnownFileType = net.daringfireball.markdown; name = README.md; path = ../README.md; sourceTree = "<group>"; };
		FA352765C70B9B511075E072 /* Pods-SCInterface_Tests.release.xcconfig */ = {isa = PBXFileReference; includeInIndex = 1; lastKnownFileType = text.xcconfig; name = "Pods-SCInterface_Tests.release.xcconfig"; path = "Pods/Target Support Files/Pods-SCInterface_Tests/Pods-SCInterface_Tests.release.xcconfig"; sourceTree = "<group>"; };
		FC5B06A3985F504F512C321A /* Pods_SCInterface_Tests.framework */ = {isa = PBXFileReference; explicitFileType = wrapper.framework; includeInIndex = 0; path = Pods_SCInterface_Tests.framework; sourceTree = BUILT_PRODUCTS_DIR; };
/* End PBXFileReference section */

/* Begin PBXFrameworksBuildPhase section */
		607FACE21AFB9204008FA782 /* Frameworks */ = {
			isa = PBXFrameworksBuildPhase;
			buildActionMask = 2147483647;
			files = (
				CFF7B3D690FAFAD09EEAF152 /* Pods_SCInterface_Tests.framework in Frameworks */,
			);
			runOnlyForDeploymentPostprocessing = 0;
		};
		675D62F01DA5D379004F00E9 /* Frameworks */ = {
			isa = PBXFrameworksBuildPhase;
			buildActionMask = 2147483647;
			files = (
				9CF2BD5C324646980C6B034D /* Pods_SCInterface_Example_App.framework in Frameworks */,
			);
			runOnlyForDeploymentPostprocessing = 0;
		};
/* End PBXFrameworksBuildPhase section */

/* Begin PBXGroup section */
		2EAA33C919CDB0BD7057DECF /* Frameworks */ = {
			isa = PBXGroup;
			children = (
				FC5B06A3985F504F512C321A /* Pods_SCInterface_Tests.framework */,
				43366E0E70F43FB12EF1301F /* Pods_SCInterface_Example_App.framework */,
			);
			name = Frameworks;
			sourceTree = "<group>";
		};
		607FACC71AFB9204008FA782 = {
			isa = PBXGroup;
			children = (
				607FACF51AFB993E008FA782 /* Podspec Metadata */,
				607FACE81AFB9204008FA782 /* Tests */,
				675D62F41DA5D379004F00E9 /* SCInterface-Example-App */,
				607FACD11AFB9204008FA782 /* Products */,
				ECFD6011C0C24AFB56A3B4E4 /* Pods */,
				2EAA33C919CDB0BD7057DECF /* Frameworks */,
			);
			sourceTree = "<group>";
		};
		607FACD11AFB9204008FA782 /* Products */ = {
			isa = PBXGroup;
			children = (
				607FACE51AFB9204008FA782 /* SCInterface_Tests.xctest */,
				675D62F31DA5D379004F00E9 /* SCInterface-Example-App.app */,
			);
			name = Products;
			sourceTree = "<group>";
		};
		607FACE81AFB9204008FA782 /* Tests */ = {
			isa = PBXGroup;
			children = (
				607FACEB1AFB9204008FA782 /* Tests.swift */,
				607FACE91AFB9204008FA782 /* Supporting Files */,
			);
			path = Tests;
			sourceTree = "<group>";
		};
		607FACE91AFB9204008FA782 /* Supporting Files */ = {
			isa = PBXGroup;
			children = (
				607FACEA1AFB9204008FA782 /* Info.plist */,
			);
			name = "Supporting Files";
			sourceTree = "<group>";
		};
		607FACF51AFB993E008FA782 /* Podspec Metadata */ = {
			isa = PBXGroup;
			children = (
				E0A5A4A57A3CA4849E732B89 /* SCInterface.podspec */,
				F2B64ECFAC2636DBC6EC8073 /* README.md */,
				D6FF743D7906E526E42BEC20 /* LICENSE */,
			);
			name = "Podspec Metadata";
			sourceTree = "<group>";
		};
		675D62F41DA5D379004F00E9 /* SCInterface-Example-App */ = {
			isa = PBXGroup;
			children = (
				675D62F51DA5D379004F00E9 /* AppDelegate.swift */,
				675D62F71DA5D379004F00E9 /* ViewController.swift */,
				675D62F91DA5D379004F00E9 /* Main.storyboard */,
				675D62FC1DA5D379004F00E9 /* Assets.xcassets */,
				675D62FE1DA5D379004F00E9 /* LaunchScreen.storyboard */,
				675D63011DA5D379004F00E9 /* Info.plist */,
			);
			path = "SCInterface-Example-App";
			sourceTree = "<group>";
		};
		ECFD6011C0C24AFB56A3B4E4 /* Pods */ = {
			isa = PBXGroup;
			children = (
				79774419EDCBEB9DCE2E00DD /* Pods-SCInterface_Tests.debug.xcconfig */,
				FA352765C70B9B511075E072 /* Pods-SCInterface_Tests.release.xcconfig */,
				4B75D66164F2242B31572E0E /* Pods-SCInterface-Example-App.debug.xcconfig */,
				4F2FB8F97D244586D3DFB1E6 /* Pods-SCInterface-Example-App.release.xcconfig */,
			);
			name = Pods;
			sourceTree = "<group>";
		};
/* End PBXGroup section */

/* Begin PBXNativeTarget section */
		607FACE41AFB9204008FA782 /* SCInterface_Tests */ = {
			isa = PBXNativeTarget;
			buildConfigurationList = 607FACF21AFB9204008FA782 /* Build configuration list for PBXNativeTarget "SCInterface_Tests" */;
			buildPhases = (
				076C3FD02B3E80FB8009BD36 /* [CP] Check Pods Manifest.lock */,
				607FACE11AFB9204008FA782 /* Sources */,
				607FACE21AFB9204008FA782 /* Frameworks */,
				607FACE31AFB9204008FA782 /* Resources */,
				3B978F973BD7970455CC921B /* [CP] Embed Pods Frameworks */,
				F1488AD12E9277E20FDA6072 /* [CP] Copy Pods Resources */,
			);
			buildRules = (
			);
			dependencies = (
			);
			name = SCInterface_Tests;
			productName = Tests;
			productReference = 607FACE51AFB9204008FA782 /* SCInterface_Tests.xctest */;
			productType = "com.apple.product-type.bundle.unit-test";
		};
		675D62F21DA5D379004F00E9 /* SCInterface-Example-App */ = {
			isa = PBXNativeTarget;
			buildConfigurationList = 675D63021DA5D379004F00E9 /* Build configuration list for PBXNativeTarget "SCInterface-Example-App" */;
			buildPhases = (
				C9CCC3BADD3F9257D6294F38 /* [CP] Check Pods Manifest.lock */,
				675D62EF1DA5D379004F00E9 /* Sources */,
				675D62F01DA5D379004F00E9 /* Frameworks */,
				675D62F11DA5D379004F00E9 /* Resources */,
				1301029D9E4470030519ABBB /* [CP] Embed Pods Frameworks */,
				0CBE1B6A1656FE35411E4DD1 /* [CP] Copy Pods Resources */,
			);
			buildRules = (
			);
			dependencies = (
			);
			name = "SCInterface-Example-App";
			productName = "SCInterface-Example-App";
			productReference = 675D62F31DA5D379004F00E9 /* SCInterface-Example-App.app */;
			productType = "com.apple.product-type.application";
		};
/* End PBXNativeTarget section */

/* Begin PBXProject section */
		607FACC81AFB9204008FA782 /* Project object */ = {
			isa = PBXProject;
			attributes = {
				LastSwiftUpdateCheck = 0800;
				LastUpgradeCheck = 0800;
				ORGANIZATIONNAME = CocoaPods;
				TargetAttributes = {
					607FACE41AFB9204008FA782 = {
						CreatedOnToolsVersion = 6.3.1;
						LastSwiftMigration = 0800;
						TestTargetID = 607FACCF1AFB9204008FA782;
					};
					675D62F21DA5D379004F00E9 = {
						CreatedOnToolsVersion = 8.0;
						ProvisioningStyle = Automatic;
					};
				};
			};
			buildConfigurationList = 607FACCB1AFB9204008FA782 /* Build configuration list for PBXProject "SCInterface" */;
			compatibilityVersion = "Xcode 3.2";
			developmentRegion = English;
			hasScannedForEncodings = 0;
			knownRegions = (
				en,
				Base,
			);
			mainGroup = 607FACC71AFB9204008FA782;
			productRefGroup = 607FACD11AFB9204008FA782 /* Products */;
			projectDirPath = "";
			projectRoot = "";
			targets = (
				607FACE41AFB9204008FA782 /* SCInterface_Tests */,
				675D62F21DA5D379004F00E9 /* SCInterface-Example-App */,
			);
		};
/* End PBXProject section */

/* Begin PBXResourcesBuildPhase section */
		607FACE31AFB9204008FA782 /* Resources */ = {
			isa = PBXResourcesBuildPhase;
			buildActionMask = 2147483647;
			files = (
			);
			runOnlyForDeploymentPostprocessing = 0;
		};
		675D62F11DA5D379004F00E9 /* Resources */ = {
			isa = PBXResourcesBuildPhase;
			buildActionMask = 2147483647;
			files = (
				675D63001DA5D379004F00E9 /* LaunchScreen.storyboard in Resources */,
				675D62FD1DA5D379004F00E9 /* Assets.xcassets in Resources */,
				675D62FB1DA5D379004F00E9 /* Main.storyboard in Resources */,
			);
			runOnlyForDeploymentPostprocessing = 0;
		};
/* End PBXResourcesBuildPhase section */

/* Begin PBXShellScriptBuildPhase section */
		076C3FD02B3E80FB8009BD36 /* [CP] Check Pods Manifest.lock */ = {
			isa = PBXShellScriptBuildPhase;
			buildActionMask = 2147483647;
			files = (
			);
			inputPaths = (
			);
			name = "[CP] Check Pods Manifest.lock";
			outputPaths = (
			);
			runOnlyForDeploymentPostprocessing = 0;
			shellPath = /bin/sh;
			shellScript = "diff \"${PODS_ROOT}/../Podfile.lock\" \"${PODS_ROOT}/Manifest.lock\" > /dev/null\nif [ $? != 0 ] ; then\n    # print error to STDERR\n    echo \"error: The sandbox is not in sync with the Podfile.lock. Run 'pod install' or update your CocoaPods installation.\" >&2\n    exit 1\nfi\n";
			showEnvVarsInLog = 0;
		};
		0CBE1B6A1656FE35411E4DD1 /* [CP] Copy Pods Resources */ = {
			isa = PBXShellScriptBuildPhase;
			buildActionMask = 2147483647;
			files = (
			);
			inputPaths = (
			);
			name = "[CP] Copy Pods Resources";
			outputPaths = (
			);
			runOnlyForDeploymentPostprocessing = 0;
			shellPath = /bin/sh;
			shellScript = "\"${SRCROOT}/Pods/Target Support Files/Pods-SCInterface-Example-App/Pods-SCInterface-Example-App-resources.sh\"\n";
			showEnvVarsInLog = 0;
		};
		1301029D9E4470030519ABBB /* [CP] Embed Pods Frameworks */ = {
			isa = PBXShellScriptBuildPhase;
			buildActionMask = 2147483647;
			files = (
			);
			inputPaths = (
			);
			name = "[CP] Embed Pods Frameworks";
			outputPaths = (
			);
			runOnlyForDeploymentPostprocessing = 0;
			shellPath = /bin/sh;
			shellScript = "\"${SRCROOT}/Pods/Target Support Files/Pods-SCInterface-Example-App/Pods-SCInterface-Example-App-frameworks.sh\"\n";
			showEnvVarsInLog = 0;
		};
		3B978F973BD7970455CC921B /* [CP] Embed Pods Frameworks */ = {
			isa = PBXShellScriptBuildPhase;
			buildActionMask = 2147483647;
			files = (
			);
			inputPaths = (
			);
			name = "[CP] Embed Pods Frameworks";
			outputPaths = (
			);
			runOnlyForDeploymentPostprocessing = 0;
			shellPath = /bin/sh;
			shellScript = "\"${SRCROOT}/Pods/Target Support Files/Pods-SCInterface_Tests/Pods-SCInterface_Tests-frameworks.sh\"\n";
			showEnvVarsInLog = 0;
		};
		C9CCC3BADD3F9257D6294F38 /* [CP] Check Pods Manifest.lock */ = {
			isa = PBXShellScriptBuildPhase;
			buildActionMask = 2147483647;
			files = (
			);
			inputPaths = (
			);
			name = "[CP] Check Pods Manifest.lock";
			outputPaths = (
			);
			runOnlyForDeploymentPostprocessing = 0;
			shellPath = /bin/sh;
			shellScript = "diff \"${PODS_ROOT}/../Podfile.lock\" \"${PODS_ROOT}/Manifest.lock\" > /dev/null\nif [ $? != 0 ] ; then\n    # print error to STDERR\n    echo \"error: The sandbox is not in sync with the Podfile.lock. Run 'pod install' or update your CocoaPods installation.\" >&2\n    exit 1\nfi\n";
			showEnvVarsInLog = 0;
		};
		F1488AD12E9277E20FDA6072 /* [CP] Copy Pods Resources */ = {
			isa = PBXShellScriptBuildPhase;
			buildActionMask = 2147483647;
			files = (
			);
			inputPaths = (
			);
			name = "[CP] Copy Pods Resources";
			outputPaths = (
			);
			runOnlyForDeploymentPostprocessing = 0;
			shellPath = /bin/sh;
			shellScript = "\"${SRCROOT}/Pods/Target Support Files/Pods-SCInterface_Tests/Pods-SCInterface_Tests-resources.sh\"\n";
			showEnvVarsInLog = 0;
		};
/* End PBXShellScriptBuildPhase section */

/* Begin PBXSourcesBuildPhase section */
		607FACE11AFB9204008FA782 /* Sources */ = {
			isa = PBXSourcesBuildPhase;
			buildActionMask = 2147483647;
			files = (
				607FACEC1AFB9204008FA782 /* Tests.swift in Sources */,
			);
			runOnlyForDeploymentPostprocessing = 0;
		};
		675D62EF1DA5D379004F00E9 /* Sources */ = {
			isa = PBXSourcesBuildPhase;
			buildActionMask = 2147483647;
			files = (
				675D62F81DA5D379004F00E9 /* ViewController.swift in Sources */,
				675D62F61DA5D379004F00E9 /* AppDelegate.swift in Sources */,
			);
			runOnlyForDeploymentPostprocessing = 0;
		};
/* End PBXSourcesBuildPhase section */

/* Begin PBXVariantGroup section */
		675D62F91DA5D379004F00E9 /* Main.storyboard */ = {
			isa = PBXVariantGroup;
			children = (
				675D62FA1DA5D379004F00E9 /* Base */,
			);
			name = Main.storyboard;
			sourceTree = "<group>";
		};
		675D62FE1DA5D379004F00E9 /* LaunchScreen.storyboard */ = {
			isa = PBXVariantGroup;
			children = (
				675D62FF1DA5D379004F00E9 /* Base */,
			);
			name = LaunchScreen.storyboard;
			sourceTree = "<group>";
		};
/* End PBXVariantGroup section */

/* Begin XCBuildConfiguration section */
		607FACED1AFB9204008FA782 /* Debug */ = {
			isa = XCBuildConfiguration;
			buildSettings = {
				ALWAYS_EMBED_SWIFT_STANDARD_LIBRARIES = "$(inherited)";
				ALWAYS_SEARCH_USER_PATHS = NO;
				CLANG_CXX_LANGUAGE_STANDARD = "gnu++0x";
				CLANG_CXX_LIBRARY = "libc++";
				CLANG_ENABLE_MODULES = YES;
				CLANG_ENABLE_OBJC_ARC = YES;
				CLANG_WARN_BOOL_CONVERSION = YES;
				CLANG_WARN_CONSTANT_CONVERSION = YES;
				CLANG_WARN_DIRECT_OBJC_ISA_USAGE = YES_ERROR;
				CLANG_WARN_EMPTY_BODY = YES;
				CLANG_WARN_ENUM_CONVERSION = YES;
				CLANG_WARN_INFINITE_RECURSION = YES;
				CLANG_WARN_INT_CONVERSION = YES;
				CLANG_WARN_OBJC_ROOT_CLASS = YES_ERROR;
				CLANG_WARN_SUSPICIOUS_MOVE = YES;
				CLANG_WARN_UNREACHABLE_CODE = YES;
				CLANG_WARN__DUPLICATE_METHOD_MATCH = YES;
				"CODE_SIGN_IDENTITY[sdk=iphoneos*]" = "iPhone Developer";
				COPY_PHASE_STRIP = NO;
				DEBUG_INFORMATION_FORMAT = "dwarf-with-dsym";
				ENABLE_STRICT_OBJC_MSGSEND = YES;
				ENABLE_TESTABILITY = YES;
				GCC_C_LANGUAGE_STANDARD = gnu99;
				GCC_DYNAMIC_NO_PIC = NO;
				GCC_NO_COMMON_BLOCKS = YES;
				GCC_OPTIMIZATION_LEVEL = 0;
				GCC_PREPROCESSOR_DEFINITIONS = (
					"DEBUG=1",
					"$(inherited)",
				);
				GCC_SYMBOLS_PRIVATE_EXTERN = NO;
				GCC_WARN_64_TO_32_BIT_CONVERSION = YES;
				GCC_WARN_ABOUT_RETURN_TYPE = YES_ERROR;
				GCC_WARN_UNDECLARED_SELECTOR = YES;
				GCC_WARN_UNINITIALIZED_AUTOS = YES_AGGRESSIVE;
				GCC_WARN_UNUSED_FUNCTION = YES;
				GCC_WARN_UNUSED_VARIABLE = YES;
				IPHONEOS_DEPLOYMENT_TARGET = 10.0;
				MTL_ENABLE_DEBUG_INFO = YES;
				ONLY_ACTIVE_ARCH = YES;
				SDKROOT = iphoneos;
				SWIFT_OPTIMIZATION_LEVEL = "-Onone";
			};
			name = Debug;
		};
		607FACEE1AFB9204008FA782 /* Release */ = {
			isa = XCBuildConfiguration;
			buildSettings = {
				ALWAYS_EMBED_SWIFT_STANDARD_LIBRARIES = "$(inherited)";
				ALWAYS_SEARCH_USER_PATHS = NO;
				CLANG_CXX_LANGUAGE_STANDARD = "gnu++0x";
				CLANG_CXX_LIBRARY = "libc++";
				CLANG_ENABLE_MODULES = YES;
				CLANG_ENABLE_OBJC_ARC = YES;
				CLANG_WARN_BOOL_CONVERSION = YES;
				CLANG_WARN_CONSTANT_CONVERSION = YES;
				CLANG_WARN_DIRECT_OBJC_ISA_USAGE = YES_ERROR;
				CLANG_WARN_EMPTY_BODY = YES;
				CLANG_WARN_ENUM_CONVERSION = YES;
				CLANG_WARN_INFINITE_RECURSION = YES;
				CLANG_WARN_INT_CONVERSION = YES;
				CLANG_WARN_OBJC_ROOT_CLASS = YES_ERROR;
				CLANG_WARN_SUSPICIOUS_MOVE = YES;
				CLANG_WARN_UNREACHABLE_CODE = YES;
				CLANG_WARN__DUPLICATE_METHOD_MATCH = YES;
				"CODE_SIGN_IDENTITY[sdk=iphoneos*]" = "iPhone Developer";
				COPY_PHASE_STRIP = NO;
				DEBUG_INFORMATION_FORMAT = "dwarf-with-dsym";
				ENABLE_NS_ASSERTIONS = NO;
				ENABLE_STRICT_OBJC_MSGSEND = YES;
				GCC_C_LANGUAGE_STANDARD = gnu99;
				GCC_NO_COMMON_BLOCKS = YES;
				GCC_WARN_64_TO_32_BIT_CONVERSION = YES;
				GCC_WARN_ABOUT_RETURN_TYPE = YES_ERROR;
				GCC_WARN_UNDECLARED_SELECTOR = YES;
				GCC_WARN_UNINITIALIZED_AUTOS = YES_AGGRESSIVE;
				GCC_WARN_UNUSED_FUNCTION = YES;
				GCC_WARN_UNUSED_VARIABLE = YES;
				IPHONEOS_DEPLOYMENT_TARGET = 10.0;
				MTL_ENABLE_DEBUG_INFO = NO;
				SDKROOT = iphoneos;
				SWIFT_OPTIMIZATION_LEVEL = "-Owholemodule";
				VALIDATE_PRODUCT = YES;
			};
			name = Release;
		};
		607FACF31AFB9204008FA782 /* Debug */ = {
			isa = XCBuildConfiguration;
			baseConfigurationReference = 79774419EDCBEB9DCE2E00DD /* Pods-SCInterface_Tests.debug.xcconfig */;
			buildSettings = {
				ALWAYS_EMBED_SWIFT_STANDARD_LIBRARIES = YES;
				FRAMEWORK_SEARCH_PATHS = "$(inherited)";
				GCC_PREPROCESSOR_DEFINITIONS = (
					"DEBUG=1",
					"$(inherited)",
				);
				INFOPLIST_FILE = Tests/Info.plist;
				LD_RUNPATH_SEARCH_PATHS = "$(inherited) @executable_path/Frameworks @loader_path/Frameworks";
				PRODUCT_BUNDLE_IDENTIFIER = "org.cocoapods.$(PRODUCT_NAME:rfc1034identifier)";
				PRODUCT_NAME = "$(TARGET_NAME)";
				SWIFT_VERSION = 3.0;
			};
			name = Debug;
		};
		607FACF41AFB9204008FA782 /* Release */ = {
			isa = XCBuildConfiguration;
			baseConfigurationReference = FA352765C70B9B511075E072 /* Pods-SCInterface_Tests.release.xcconfig */;
			buildSettings = {
				ALWAYS_EMBED_SWIFT_STANDARD_LIBRARIES = YES;
				FRAMEWORK_SEARCH_PATHS = "$(inherited)";
				INFOPLIST_FILE = Tests/Info.plist;
				LD_RUNPATH_SEARCH_PATHS = "$(inherited) @executable_path/Frameworks @loader_path/Frameworks";
				PRODUCT_BUNDLE_IDENTIFIER = "org.cocoapods.$(PRODUCT_NAME:rfc1034identifier)";
				PRODUCT_NAME = "$(TARGET_NAME)";
				SWIFT_VERSION = 3.0;
			};
			name = Release;
		};
		675D63031DA5D379004F00E9 /* Debug */ = {
			isa = XCBuildConfiguration;
			baseConfigurationReference = 4B75D66164F2242B31572E0E /* Pods-SCInterface-Example-App.debug.xcconfig */;
			buildSettings = {
				ALWAYS_EMBED_SWIFT_STANDARD_LIBRARIES = YES;
				ASSETCATALOG_COMPILER_APPICON_NAME = AppIcon;
				CLANG_ANALYZER_NONNULL = YES;
				CLANG_WARN_DOCUMENTATION_COMMENTS = YES;
				CLANG_WARN_SUSPICIOUS_MOVES = YES;
				DEBUG_INFORMATION_FORMAT = dwarf;
				DEVELOPMENT_TEAM = "";
				INFOPLIST_FILE = "SCInterface-Example-App/Info.plist";
				LD_RUNPATH_SEARCH_PATHS = "$(inherited) @executable_path/Frameworks";
				PRODUCT_BUNDLE_IDENTIFIER = "com.tbdev.SCInterface-Example-App";
				PRODUCT_NAME = "$(TARGET_NAME)";
				SWIFT_ACTIVE_COMPILATION_CONDITIONS = DEBUG;
				SWIFT_VERSION = 3.0;
			};
			name = Debug;
		};
		675D63041DA5D379004F00E9 /* Release */ = {
			isa = XCBuildConfiguration;
			baseConfigurationReference = 4F2FB8F97D244586D3DFB1E6 /* Pods-SCInterface-Example-App.release.xcconfig */;
			buildSettings = {
				ALWAYS_EMBED_SWIFT_STANDARD_LIBRARIES = YES;
				ASSETCATALOG_COMPILER_APPICON_NAME = AppIcon;
				CLANG_ANALYZER_NONNULL = YES;
				CLANG_WARN_DOCUMENTATION_COMMENTS = YES;
				CLANG_WARN_SUSPICIOUS_MOVES = YES;
				DEVELOPMENT_TEAM = "";
				INFOPLIST_FILE = "SCInterface-Example-App/Info.plist";
				LD_RUNPATH_SEARCH_PATHS = "$(inherited) @executable_path/Frameworks";
				PRODUCT_BUNDLE_IDENTIFIER = "com.tbdev.SCInterface-Example-App";
				PRODUCT_NAME = "$(TARGET_NAME)";
				SWIFT_VERSION = 3.0;
			};
			name = Release;
		};
/* End XCBuildConfiguration section */

/* Begin XCConfigurationList section */
		607FACCB1AFB9204008FA782 /* Build configuration list for PBXProject "SCInterface" */ = {
			isa = XCConfigurationList;
			buildConfigurations = (
				607FACED1AFB9204008FA782 /* Debug */,
				607FACEE1AFB9204008FA782 /* Release */,
			);
			defaultConfigurationIsVisible = 0;
			defaultConfigurationName = Release;
		};
		607FACF21AFB9204008FA782 /* Build configuration list for PBXNativeTarget "SCInterface_Tests" */ = {
			isa = XCConfigurationList;
			buildConfigurations = (
				607FACF31AFB9204008FA782 /* Debug */,
				607FACF41AFB9204008FA782 /* Release */,
			);
			defaultConfigurationIsVisible = 0;
			defaultConfigurationName = Release;
		};
		675D63021DA5D379004F00E9 /* Build configuration list for PBXNativeTarget "SCInterface-Example-App" */ = {
			isa = XCConfigurationList;
			buildConfigurations = (
				675D63031DA5D379004F00E9 /* Debug */,
				675D63041DA5D379004F00E9 /* Release */,
			);
			defaultConfigurationIsVisible = 0;
			defaultConfigurationName = Release;
		};
/* End XCConfigurationList section */
	};
	rootObject = 607FACC81AFB9204008FA782 /* Project object */;
}
